
Microsoft Visual Studio Solution File, Format Version 12.00
# Visual Studio Version 17
VisualStudioVersion = 17.2.32630.192
MinimumVisualStudioVersion = 10.0.40219.1
Project("{9A19103F-16F7-4668-BE54-9A1E7A4F7556}") = "Hangman", "Hangman\Hangman.csproj", "{71A60B44-DACD-44E0-899F-29E7FC20BCE2}"
EndProject
Project("{9A19103F-16F7-4668-BE54-9A1E7A4F7556}") = "Hangman.Tests", "Hangman.Tests\Hangman.Tests.csproj", "{28DBD826-D7DF-47FF-BC15-D718D451A68C}"
EndProject
Project("{FAE04EC0-301F-11D3-BF4B-00C04F79EFBC}") = "ConsoleApp1", "ConsoleApp1\ConsoleApp1.csproj", "{2A865EBB-A5B4-45CF-BE8C-CC53E4D3DB09}"
EndProject
Global
	GlobalSection(SolutionConfigurationPlatforms) = preSolution
		Debug|Any CPU = Debug|Any CPU
		Debug|x64 = Debug|x64
		Debug|x86 = Debug|x86
		Release|Any CPU = Release|Any CPU
		Release|x64 = Release|x64
		Release|x86 = Release|x86
	EndGlobalSection
	GlobalSection(ProjectConfigurationPlatforms) = postSolution
		{71A60B44-DACD-44E0-899F-29E7FC20BCE2}.Debug|Any CPU.ActiveCfg = Debug|Any CPU
		{71A60B44-DACD-44E0-899F-29E7FC20BCE2}.Debug|Any CPU.Build.0 = Debug|Any CPU
		{71A60B44-DACD-44E0-899F-29E7FC20BCE2}.Debug|x64.ActiveCfg = Debug|Any CPU
		{71A60B44-DACD-44E0-899F-29E7FC20BCE2}.Debug|x64.Build.0 = Debug|Any CPU
		{71A60B44-DACD-44E0-899F-29E7FC20BCE2}.Debug|x86.ActiveCfg = Debug|Any CPU
		{71A60B44-DACD-44E0-899F-29E7FC20BCE2}.Debug|x86.Build.0 = Debug|Any CPU
		{71A60B44-DACD-44E0-899F-29E7FC20BCE2}.Release|Any CPU.ActiveCfg = Release|Any CPU
		{71A60B44-DACD-44E0-899F-29E7FC20BCE2}.Release|Any CPU.Build.0 = Release|Any CPU
		{71A60B44-DACD-44E0-899F-29E7FC20BCE2}.Release|x64.ActiveCfg = Release|Any CPU
		{71A60B44-DACD-44E0-899F-29E7FC20BCE2}.Release|x64.Build.0 = Release|Any CPU
		{71A60B44-DACD-44E0-899F-29E7FC20BCE2}.Release|x86.ActiveCfg = Release|Any CPU
		{71A60B44-DACD-44E0-899F-29E7FC20BCE2}.Release|x86.Build.0 = Release|Any CPU
		{28DBD826-D7DF-47FF-BC15-D718D451A68C}.Debug|Any CPU.ActiveCfg = Debug|Any CPU
		{28DBD826-D7DF-47FF-BC15-D718D451A68C}.Debug|Any CPU.Build.0 = Debug|Any CPU
		{28DBD826-D7DF-47FF-BC15-D718D451A68C}.Debug|x64.ActiveCfg = Debug|Any CPU
		{28DBD826-D7DF-47FF-BC15-D718D451A68C}.Debug|x64.Build.0 = Debug|Any CPU
		{28DBD826-D7DF-47FF-BC15-D718D451A68C}.Debug|x86.ActiveCfg = Debug|Any CPU
		{28DBD826-D7DF-47FF-BC15-D718D451A68C}.Debug|x86.Build.0 = Debug|Any CPU
		{28DBD826-D7DF-47FF-BC15-D718D451A68C}.Release|Any CPU.ActiveCfg = Release|Any CPU
		{28DBD826-D7DF-47FF-BC15-D718D451A68C}.Release|Any CPU.Build.0 = Release|Any CPU
		{28DBD826-D7DF-47FF-BC15-D718D451A68C}.Release|x64.ActiveCfg = Release|Any CPU
		{28DBD826-D7DF-47FF-BC15-D718D451A68C}.Release|x64.Build.0 = Release|Any CPU
		{28DBD826-D7DF-47FF-BC15-D718D451A68C}.Release|x86.ActiveCfg = Release|Any CPU
		{28DBD826-D7DF-47FF-BC15-D718D451A68C}.Release|x86.Build.0 = Release|Any CPU
		{2A865EBB-A5B4-45CF-BE8C-CC53E4D3DB09}.Debug|Any CPU.ActiveCfg = Debug|Any CPU
		{2A865EBB-A5B4-45CF-BE8C-CC53E4D3DB09}.Debug|Any CPU.Build.0 = Debug|Any CPU
		{2A865EBB-A5B4-45CF-BE8C-CC53E4D3DB09}.Debug|x64.ActiveCfg = Debug|Any CPU
		{2A865EBB-A5B4-45CF-BE8C-CC53E4D3DB09}.Debug|x64.Build.0 = Debug|Any CPU
		{2A865EBB-A5B4-45CF-BE8C-CC53E4D3DB09}.Debug|x86.ActiveCfg = Debug|Any CPU
		{2A865EBB-A5B4-45CF-BE8C-CC53E4D3DB09}.Debug|x86.Build.0 = Debug|Any CPU
		{2A865EBB-A5B4-45CF-BE8C-CC53E4D3DB09}.Release|Any CPU.ActiveCfg = Release|Any CPU
		{2A865EBB-A5B4-45CF-BE8C-CC53E4D3DB09}.Release|Any CPU.Build.0 = Release|Any CPU
		{2A865EBB-A5B4-45CF-BE8C-CC53E4D3DB09}.Release|x64.ActiveCfg = Release|Any CPU
		{2A865EBB-A5B4-45CF-BE8C-CC53E4D3DB09}.Release|x64.Build.0 = Release|Any CPU
		{2A865EBB-A5B4-45CF-BE8C-CC53E4D3DB09}.Release|x86.ActiveCfg = Release|Any CPU
		{2A865EBB-A5B4-45CF-BE8C-CC53E4D3DB09}.Release|x86.Build.0 = Release|Any CPU
	EndGlobalSection
	GlobalSection(SolutionProperties) = preSolution
		HideSolutionNode = FALSE
	EndGlobalSection
	GlobalSection(ExtensibilityGlobals) = postSolution
		SolutionGuid = {A2295EA0-D8A5-4E63-9F03-F76ECF32C94B}
	EndGlobalSection
EndGlobal
